// !$*UTF8*$!
{
	archiveVersion = 1;
	classes = {
	};
	objectVersion = 46;
	objects = {

/* Begin PBXBuildFile section */
		C453A2D01E50BCE0006A76B6 /* MemeCollectionViewController.swift in Sources */ = {isa = PBXBuildFile; fileRef = C453A2CF1E50BCE0006A76B6 /* MemeCollectionViewController.swift */; };
		C453A2D21E50BE55006A76B6 /* MemeCollectionViewCell.swift in Sources */ = {isa = PBXBuildFile; fileRef = C453A2D11E50BE55006A76B6 /* MemeCollectionViewCell.swift */; };
		C453A2D41E50C091006A76B6 /* MemeDetailViewController.swift in Sources */ = {isa = PBXBuildFile; fileRef = C453A2D31E50C091006A76B6 /* MemeDetailViewController.swift */; };
		C453A2D61E510F12006A76B6 /* MemeTableViewController.swift in Sources */ = {isa = PBXBuildFile; fileRef = C453A2D51E510F12006A76B6 /* MemeTableViewController.swift */; };
		C473AD181E3557E800588906 /* Meme.swift in Sources */ = {isa = PBXBuildFile; fileRef = C473AD171E3557E800588906 /* Meme.swift */; };
		C473AD1B1E3583F800588906 /* FontPickerViewController.swift in Sources */ = {isa = PBXBuildFile; fileRef = C473AD1A1E3583F800588906 /* FontPickerViewController.swift */; };
		C4ACF13E1E35141C000D7491 /* AppDelegate.swift in Sources */ = {isa = PBXBuildFile; fileRef = C4ACF13D1E35141C000D7491 /* AppDelegate.swift */; };
		C4ACF1401E35141C000D7491 /* MemeMeViewController.swift in Sources */ = {isa = PBXBuildFile; fileRef = C4ACF13F1E35141C000D7491 /* MemeMeViewController.swift */; };
		C4ACF1431E35141C000D7491 /* Main.storyboard in Resources */ = {isa = PBXBuildFile; fileRef = C4ACF1411E35141C000D7491 /* Main.storyboard */; };
		C4ACF1451E35141C000D7491 /* Assets.xcassets in Resources */ = {isa = PBXBuildFile; fileRef = C4ACF1441E35141C000D7491 /* Assets.xcassets */; };
		C4ACF1481E35141C000D7491 /* LaunchScreen.storyboard in Resources */ = {isa = PBXBuildFile; fileRef = C4ACF1461E35141C000D7491 /* LaunchScreen.storyboard */; };
/* End PBXBuildFile section */

/* Begin PBXFileReference section */
		C453A2CF1E50BCE0006A76B6 /* MemeCollectionViewController.swift */ = {isa = PBXFileReference; fileEncoding = 4; lastKnownFileType = sourcecode.swift; path = MemeCollectionViewController.swift; sourceTree = "<group>"; };
		C453A2D11E50BE55006A76B6 /* MemeCollectionViewCell.swift */ = {isa = PBXFileReference; fileEncoding = 4; lastKnownFileType = sourcecode.swift; path = MemeCollectionViewCell.swift; sourceTree = "<group>"; };
		C453A2D31E50C091006A76B6 /* MemeDetailViewController.swift */ = {isa = PBXFileReference; fileEncoding = 4; lastKnownFileType = sourcecode.swift; path = MemeDetailViewController.swift; sourceTree = "<group>"; };
		C453A2D51E510F12006A76B6 /* MemeTableViewController.swift */ = {isa = PBXFileReference; fileEncoding = 4; lastKnownFileType = sourcecode.swift; path = MemeTableViewController.swift; sourceTree = "<group>"; };
		C473AD171E3557E800588906 /* Meme.swift */ = {isa = PBXFileReference; fileEncoding = 4; lastKnownFileType = sourcecode.swift; path = Meme.swift; sourceTree = "<group>"; };
		C473AD1A1E3583F800588906 /* FontPickerViewController.swift */ = {isa = PBXFileReference; fileEncoding = 4; lastKnownFileType = sourcecode.swift; path = FontPickerViewController.swift; sourceTree = "<group>"; };
		C4ACF13A1E35141C000D7491 /* MemeMe.app */ = {isa = PBXFileReference; explicitFileType = wrapper.application; includeInIndex = 0; path = MemeMe.app; sourceTree = BUILT_PRODUCTS_DIR; };
		C4ACF13D1E35141C000D7491 /* AppDelegate.swift */ = {isa = PBXFileReference; lastKnownFileType = sourcecode.swift; path = AppDelegate.swift; sourceTree = "<group>"; };
		C4ACF13F1E35141C000D7491 /* MemeMeViewController.swift */ = {isa = PBXFileReference; lastKnownFileType = sourcecode.swift; path = MemeMeViewController.swift; sourceTree = "<group>"; };
		C4ACF1421E35141C000D7491 /* Base */ = {isa = PBXFileReference; lastKnownFileType = file.storyboard; name = Base; path = Base.lproj/Main.storyboard; sourceTree = "<group>"; };
		C4ACF1441E35141C000D7491 /* Assets.xcassets */ = {isa = PBXFileReference; lastKnownFileType = folder.assetcatalog; path = Assets.xcassets; sourceTree = "<group>"; };
		C4ACF1471E35141C000D7491 /* Base */ = {isa = PBXFileReference; lastKnownFileType = file.storyboard; name = Base; path = Base.lproj/LaunchScreen.storyboard; sourceTree = "<group>"; };
		C4ACF1491E35141C000D7491 /* Info.plist */ = {isa = PBXFileReference; lastKnownFileType = text.plist.xml; path = Info.plist; sourceTree = "<group>"; };
/* End PBXFileReference section */

/* Begin PBXFrameworksBuildPhase section */
		C4ACF1371E35141C000D7491 /* Frameworks */ = {
			isa = PBXFrameworksBuildPhase;
			buildActionMask = 2147483647;
			files = (
			);
			runOnlyForDeploymentPostprocessing = 0;
		};
/* End PBXFrameworksBuildPhase section */

/* Begin PBXGroup section */
		C4ACF1311E35141C000D7491 = {
			isa = PBXGroup;
			children = (
				C4ACF13C1E35141C000D7491 /* MemeMe */,
				C4ACF13B1E35141C000D7491 /* Products */,
			);
			sourceTree = "<group>";
		};
		C4ACF13B1E35141C000D7491 /* Products */ = {
			isa = PBXGroup;
			children = (
				C4ACF13A1E35141C000D7491 /* MemeMe.app */,
			);
			name = Products;
			sourceTree = "<group>";
		};
		C4ACF13C1E35141C000D7491 /* MemeMe */ = {
			isa = PBXGroup;
			children = (
				C4ACF13D1E35141C000D7491 /* AppDelegate.swift */,
				C4ACF13F1E35141C000D7491 /* MemeMeViewController.swift */,
				C4ACF1411E35141C000D7491 /* Main.storyboard */,
				C4ACF1441E35141C000D7491 /* Assets.xcassets */,
				C4ACF1461E35141C000D7491 /* LaunchScreen.storyboard */,
				C4ACF1491E35141C000D7491 /* Info.plist */,
				C473AD171E3557E800588906 /* Meme.swift */,
				C473AD1A1E3583F800588906 /* FontPickerViewController.swift */,
				C453A2CF1E50BCE0006A76B6 /* MemeCollectionViewController.swift */,
				C453A2D11E50BE55006A76B6 /* MemeCollectionViewCell.swift */,
				C453A2D31E50C091006A76B6 /* MemeDetailViewController.swift */,
				C453A2D51E510F12006A76B6 /* MemeTableViewController.swift */,
			);
			path = MemeMe;
			sourceTree = "<group>";
		};
/* End PBXGroup section */

/* Begin PBXNativeTarget section */
		C4ACF1391E35141C000D7491 /* MemeMe */ = {
			isa = PBXNativeTarget;
			buildConfigurationList = C4ACF14C1E35141C000D7491 /* Build configuration list for PBXNativeTarget "MemeMe" */;
			buildPhases = (
				C4ACF1361E35141C000D7491 /* Sources */,
				C4ACF1371E35141C000D7491 /* Frameworks */,
				C4ACF1381E35141C000D7491 /* Resources */,
			);
			buildRules = (
			);
			dependencies = (
			);
			name = MemeMe;
			productName = MemeMe;
			productReference = C4ACF13A1E35141C000D7491 /* MemeMe.app */;
			productType = "com.apple.product-type.application";
		};
/* End PBXNativeTarget section */

/* Begin PBXProject section */
		C4ACF1321E35141C000D7491 /* Project object */ = {
			isa = PBXProject;
			attributes = {
				LastSwiftUpdateCheck = 0820;
				LastUpgradeCheck = 0820;
				ORGANIZATIONNAME = "Imren, Haydar";
				TargetAttributes = {
					C4ACF1391E35141C000D7491 = {
						CreatedOnToolsVersion = 8.2.1;
						ProvisioningStyle = Automatic;
					};
				};
			};
			buildConfigurationList = C4ACF1351E35141C000D7491 /* Build configuration list for PBXProject "MemeMe" */;
			compatibilityVersion = "Xcode 3.2";
			developmentRegion = English;
			hasScannedForEncodings = 0;
			knownRegions = (
				en,
				Base,
			);
			mainGroup = C4ACF1311E35141C000D7491;
			productRefGroup = C4ACF13B1E35141C000D7491 /* Products */;
			projectDirPath = "";
			projectRoot = "";
			targets = (
				C4ACF1391E35141C000D7491 /* MemeMe */,
			);
		};
/* End PBXProject section */

/* Begin PBXResourcesBuildPhase section */
		C4ACF1381E35141C000D7491 /* Resources */ = {
			isa = PBXResourcesBuildPhase;
			buildActionMask = 2147483647;
			files = (
				C4ACF1481E35141C000D7491 /* LaunchScreen.storyboard in Resources */,
				C4ACF1451E35141C000D7491 /* Assets.xcassets in Resources */,
				C4ACF1431E35141C000D7491 /* Main.storyboard in Resources */,
			);
			runOnlyForDeploymentPostprocessing = 0;
		};
/* End PBXResourcesBuildPhase section */

/* Begin PBXSourcesBuildPhase section */
		C4ACF1361E35141C000D7491 /* Sources */ = {
			isa = PBXSourcesBuildPhase;
			buildActionMask = 2147483647;
			files = (
				C453A2D21E50BE55006A76B6 /* MemeCollectionViewCell.swift in Sources */,
				C473AD181E3557E800588906 /* Meme.swift in Sources */,
				C473AD1B1E3583F800588906 /* FontPickerViewController.swift in Sources */,
				C453A2D61E510F12006A76B6 /* MemeTableViewController.swift in Sources */,
				C453A2D01E50BCE0006A76B6 /* MemeCollectionViewController.swift in Sources */,
				C453A2D41E50C091006A76B6 /* MemeDetailViewController.swift in Sources */,
				C4ACF1401E35141C000D7491 /* MemeMeViewController.swift in Sources */,
				C4ACF13E1E35141C000D7491 /* AppDelegate.swift in Sources */,
			);
			runOnlyForDeploymentPostprocessing = 0;
		};
/* End PBXSourcesBuildPhase section */

/* Begin PBXVariantGroup section */
		C4ACF1411E35141C000D7491 /* Main.storyboard */ = {
			isa = PBXVariantGroup;
			children = (
				C4ACF1421E35141C000D7491 /* Base */,
			);
			name = Main.storyboard;
			sourceTree = "<group>";
		};
		C4ACF1461E35141C000D7491 /* LaunchScreen.storyboard */ = {
			isa = PBXVariantGroup;
			children = (
				C4ACF1471E35141C000D7491 /* Base */,
			);
			name = LaunchScreen.storyboard;
			sourceTree = "<group>";
		};
/* End PBXVariantGroup section */

/* Begin XCBuildConfiguration section */
		C4ACF14A1E35141C000D7491 /* Debug */ = {
			isa = XCBuildConfiguration;
			buildSettings = {
				ALWAYS_SEARCH_USER_PATHS = NO;
				CLANG_ANALYZER_NONNULL = YES;
				CLANG_CXX_LANGUAGE_STANDARD = "gnu++0x";
				CLANG_CXX_LIBRARY = "libc++";
				CLANG_ENABLE_MODULES = YES;
				CLANG_ENABLE_OBJC_ARC = YES;
				CLANG_WARN_BOOL_CONVERSION = YES;
				CLANG_WARN_CONSTANT_CONVERSION = YES;
				CLANG_WARN_DIRECT_OBJC_ISA_USAGE = YES_ERROR;
				CLANG_WARN_DOCUMENTATION_COMMENTS = YES;
				CLANG_WARN_EMPTY_BODY = YES;
				CLANG_WARN_ENUM_CONVERSION = YES;
				CLANG_WARN_INFINITE_RECURSION = YES;
				CLANG_WARN_INT_CONVERSION = YES;
				CLANG_WARN_OBJC_ROOT_CLASS = YES_ERROR;
				CLANG_WARN_SUSPICIOUS_MOVE = YES;
				CLANG_WARN_UNREACHABLE_CODE = YES;
				CLANG_WARN__DUPLICATE_METHOD_MATCH = YES;
				"CODE_SIGN_IDENTITY[sdk=iphoneos*]" = "iPhone Developer";
				COPY_PHASE_STRIP = NO;
				DEBUG_INFORMATION_FORMAT = dwarf;
				ENABLE_STRICT_OBJC_MSGSEND = YES;
				ENABLE_TESTABILITY = YES;
				GCC_C_LANGUAGE_STANDARD = gnu99;
				GCC_DYNAMIC_NO_PIC = NO;
				GCC_NO_COMMON_BLOCKS = YES;
				GCC_OPTIMIZATION_LEVEL = 0;
				GCC_PREPROCESSOR_DEFINITIONS = (
					"DEBUG=1",
					"$(inherited)",
				);
				GCC_WARN_64_TO_32_BIT_CONVERSION = YES;
				GCC_WARN_ABOUT_RETURN_TYPE = YES_ERROR;
				GCC_WARN_UNDECLARED_SELECTOR = YES;
				GCC_WARN_UNINITIALIZED_AUTOS = YES_AGGRESSIVE;
				GCC_WARN_UNUSED_FUNCTION = YES;
				GCC_WARN_UNUSED_VARIABLE = YES;
				IPHONEOS_DEPLOYMENT_TARGET = 10.2;
				MTL_ENABLE_DEBUG_INFO = YES;
				ONLY_ACTIVE_ARCH = YES;
				SDKROOT = iphoneos;
				SWIFT_ACTIVE_COMPILATION_CONDITIONS = DEBUG;
				SWIFT_OPTIMIZATION_LEVEL = "-Onone";
				TARGETED_DEVICE_FAMILY = "1,2";
			};
			name = Debug;
		};
		C4ACF14B1E35141C000D7491 /* Release */ = {
			isa = XCBuildConfiguration;
			buildSettings = {
				ALWAYS_SEARCH_USER_PATHS = NO;
				CLANG_ANALYZER_NONNULL = YES;
				CLANG_CXX_LANGUAGE_STANDARD = "gnu++0x";
				CLANG_CXX_LIBRARY = "libc++";
				CLANG_ENABLE_MODULES = YES;
				CLANG_ENABLE_OBJC_ARC = YES;
				CLANG_WARN_BOOL_CONVERSION = YES;
				CLANG_WARN_CONSTANT_CONVERSION = YES;
				CLANG_WARN_DIRECT_OBJC_ISA_USAGE = YES_ERROR;
				CLANG_WARN_DOCUMENTATION_COMMENTS = YES;
				CLANG_WARN_EMPTY_BODY = YES;
				CLANG_WARN_ENUM_CONVERSION = YES;
				CLANG_WARN_INFINITE_RECURSION = YES;
				CLANG_WARN_INT_CONVERSION = YES;
				CLANG_WARN_OBJC_ROOT_CLASS = YES_ERROR;
				CLANG_WARN_SUSPICIOUS_MOVE = YES;
				CLANG_WARN_UNREACHABLE_CODE = YES;
				CLANG_WARN__DUPLICATE_METHOD_MATCH = YES;
				"CODE_SIGN_IDENTITY[sdk=iphoneos*]" = "iPhone Developer";
				COPY_PHASE_STRIP = NO;
				DEBUG_INFORMATION_FORMAT = "dwarf-with-dsym";
				ENABLE_NS_ASSERTIONS = NO;
				ENABLE_STRICT_OBJC_MSGSEND = YES;
				GCC_C_LANGUAGE_STANDARD = gnu99;
				GCC_NO_COMMON_BLOCKS = YES;
				GCC_WARN_64_TO_32_BIT_CONVERSION = YES;
				GCC_WARN_ABOUT_RETURN_TYPE = YES_ERROR;
				GCC_WARN_UNDECLARED_SELECTOR = YES;
				GCC_WARN_UNINITIALIZED_AUTOS = YES_AGGRESSIVE;
				GCC_WARN_UNUSED_FUNCTION = YES;
				GCC_WARN_UNUSED_VARIABLE = YES;
				IPHONEOS_DEPLOYMENT_TARGET = 10.2;
				MTL_ENABLE_DEBUG_INFO = NO;
				SDKROOT = iphoneos;
				SWIFT_OPTIMIZATION_LEVEL = "-Owholemodule";
				TARGETED_DEVICE_FAMILY = "1,2";
				VALIDATE_PRODUCT = YES;
			};
			name = Release;
		};
		C4ACF14D1E35141C000D7491 /* Debug */ = {
			isa = XCBuildConfiguration;
			buildSettings = {
				ASSETCATALOG_COMPILER_APPICON_NAME = AppIcon;
				INFOPLIST_FILE = MemeMe/Info.plist;
				LD_RUNPATH_SEARCH_PATHS = "$(inherited) @executable_path/Frameworks";
				PRODUCT_BUNDLE_IDENTIFIER = haydarimren.MemeMe;
				PRODUCT_NAME = "$(TARGET_NAME)";
				SWIFT_VERSION = 3.0;
			};
			name = Debug;
		};
		C4ACF14E1E35141C000D7491 /* Release */ = {
			isa = XCBuildConfiguration;
			buildSettings = {
				ASSETCATALOG_COMPILER_APPICON_NAME = AppIcon;
				INFOPLIST_FILE = MemeMe/Info.plist;
				LD_RUNPATH_SEARCH_PATHS = "$(inherited) @executable_path/Frameworks";
				PRODUCT_BUNDLE_IDENTIFIER = haydarimren.MemeMe;
				PRODUCT_NAME = "$(TARGET_NAME)";
				SWIFT_VERSION = 3.0;
			};
			name = Release;
		};
/* End XCBuildConfiguration section */

/* Begin XCConfigurationList section */
		C4ACF1351E35141C000D7491 /* Build configuration list for PBXProject "MemeMe" */ = {
			isa = XCConfigurationList;
			buildConfigurations = (
				C4ACF14A1E35141C000D7491 /* Debug */,
				C4ACF14B1E35141C000D7491 /* Release */,
			);
			defaultConfigurationIsVisible = 0;
			defaultConfigurationName = Release;
		};
		C4ACF14C1E35141C000D7491 /* Build configuration list for PBXNativeTarget "MemeMe" */ = {
			isa = XCConfigurationList;
			buildConfigurations = (
				C4ACF14D1E35141C000D7491 /* Debug */,
				C4ACF14E1E35141C000D7491 /* Release */,
			);
			defaultConfigurationIsVisible = 0;
			defaultConfigurationName = Release;
		};
/* End XCConfigurationList section */
	};
	rootObject = C4ACF1321E35141C000D7491 /* Project object */;
}
